
Microsoft Visual Studio Solution File, Format Version 12.00
# Visual Studio Version 16
VisualStudioVersion = 16.0.31129.286
MinimumVisualStudioVersion = 10.0.40219.1
Project("{FAE04EC0-301F-11D3-BF4B-00C04F79EFBC}") = "day4part1", "day4part1\day4part1.csproj", "{3265843E-0F65-4608-9E55-9AAD862B0C52}"
EndProject
Global
	GlobalSection(SolutionConfigurationPlatforms) = preSolution
		Debug|Any CPU = Debug|Any CPU
		Release|Any CPU = Release|Any CPU
	EndGlobalSection
	GlobalSection(ProjectConfigurationPlatforms) = postSolution
		{3265843E-0F65-4608-9E55-9AAD862B0C52}.Debug|Any CPU.ActiveCfg = Debug|Any CPU
		{3265843E-0F65-4608-9E55-9AAD862B0C52}.Debug|Any CPU.Build.0 = Debug|Any CPU
		{3265843E-0F65-4608-9E55-9AAD862B0C52}.Release|Any CPU.ActiveCfg = Release|Any CPU
		{3265843E-0F65-4608-9E55-9AAD862B0C52}.Release|Any CPU.Build.0 = Release|Any CPU
	EndGlobalSection
	GlobalSection(SolutionProperties) = preSolution
		HideSolutionNode = FALSE
	EndGlobalSection
	GlobalSection(ExtensibilityGlobals) = postSolution
		SolutionGuid = {BC505318-DBB1-4E0D-B2DD-D6B9122A8B41}
	EndGlobalSection
EndGlobal
